
Microsoft Visual Studio Solution File, Format Version 12.00
# Visual Studio Version 16
VisualStudioVersion = 16.0.31702.278
MinimumVisualStudioVersion = 10.0.40219.1
Project("{FAE04EC0-301F-11D3-BF4B-00C04F79EFBC}") = "exams2", "exams2\exams2.csproj", "{8A153E82-5E32-497D-AC89-B5853A21BE63}"
EndProject
Global
	GlobalSection(SolutionConfigurationPlatforms) = preSolution
		Debug|Any CPU = Debug|Any CPU
		Release|Any CPU = Release|Any CPU
	EndGlobalSection
	GlobalSection(ProjectConfigurationPlatforms) = postSolution
		{8A153E82-5E32-497D-AC89-B5853A21BE63}.Debug|Any CPU.ActiveCfg = Debug|Any CPU
		{8A153E82-5E32-497D-AC89-B5853A21BE63}.Debug|Any CPU.Build.0 = Debug|Any CPU
		{8A153E82-5E32-497D-AC89-B5853A21BE63}.Release|Any CPU.ActiveCfg = Release|Any CPU
		{8A153E82-5E32-497D-AC89-B5853A21BE63}.Release|Any CPU.Build.0 = Release|Any CPU
	EndGlobalSection
	GlobalSection(SolutionProperties) = preSolution
		HideSolutionNode = FALSE
	EndGlobalSection
	GlobalSection(ExtensibilityGlobals) = postSolution
		SolutionGuid = {21FACB10-3D14-4DA1-B9BB-FC7C96EFCFD8}
	EndGlobalSection
EndGlobal
